// !$*UTF8*$!
{
	archiveVersion = 1;
	classes = {
	};
	objectVersion = 56;
	objects = {

/* Begin PBXBuildFile section */
		C14B1C4A28E6AD4C00901CC0 /* AppDelegate.swift in Sources */ = {isa = PBXBuildFile; fileRef = C14B1C4928E6AD4C00901CC0 /* AppDelegate.swift */; };
		C14B1C4C28E6AD4C00901CC0 /* SceneDelegate.swift in Sources */ = {isa = PBXBuildFile; fileRef = C14B1C4B28E6AD4C00901CC0 /* SceneDelegate.swift */; };
		C14B1C4E28E6AD4C00901CC0 /* ViewController.swift in Sources */ = {isa = PBXBuildFile; fileRef = C14B1C4D28E6AD4C00901CC0 /* ViewController.swift */; };
		C14B1C5128E6AD4C00901CC0 /* Main.storyboard in Resources */ = {isa = PBXBuildFile; fileRef = C14B1C4F28E6AD4C00901CC0 /* Main.storyboard */; };
		C14B1C5328E6AD4F00901CC0 /* Assets.xcassets in Resources */ = {isa = PBXBuildFile; fileRef = C14B1C5228E6AD4F00901CC0 /* Assets.xcassets */; };
		C14B1C5628E6AD4F00901CC0 /* LaunchScreen.storyboard in Resources */ = {isa = PBXBuildFile; fileRef = C14B1C5428E6AD4F00901CC0 /* LaunchScreen.storyboard */; };
		C14B1C6128E6AD5000901CC0 /* PulmuoneSimpleAuthSampleTests.swift in Sources */ = {isa = PBXBuildFile; fileRef = C14B1C6028E6AD5000901CC0 /* PulmuoneSimpleAuthSampleTests.swift */; };
		C14B1C6B28E6AD5000901CC0 /* PulmuoneSimpleAuthSampleUITests.swift in Sources */ = {isa = PBXBuildFile; fileRef = C14B1C6A28E6AD5000901CC0 /* PulmuoneSimpleAuthSampleUITests.swift */; };
		C14B1C6D28E6AD5000901CC0 /* PulmuoneSimpleAuthSampleUITestsLaunchTests.swift in Sources */ = {isa = PBXBuildFile; fileRef = C14B1C6C28E6AD5000901CC0 /* PulmuoneSimpleAuthSampleUITestsLaunchTests.swift */; };
/* End PBXBuildFile section */

/* Begin PBXContainerItemProxy section */
		C14B1C5D28E6AD5000901CC0 /* PBXContainerItemProxy */ = {
			isa = PBXContainerItemProxy;
			containerPortal = C14B1C3E28E6AD4C00901CC0 /* Project object */;
			proxyType = 1;
			remoteGlobalIDString = C14B1C4528E6AD4C00901CC0;
			remoteInfo = PulmuoneSimpleAuthSample;
		};
		C14B1C6728E6AD5000901CC0 /* PBXContainerItemProxy */ = {
			isa = PBXContainerItemProxy;
			containerPortal = C14B1C3E28E6AD4C00901CC0 /* Project object */;
			proxyType = 1;
			remoteGlobalIDString = C14B1C4528E6AD4C00901CC0;
			remoteInfo = PulmuoneSimpleAuthSample;
		};
/* End PBXContainerItemProxy section */

/* Begin PBXFileReference section */
		C14B1C4628E6AD4C00901CC0 /* PulmuoneSimpleAuthSample.app */ = {isa = PBXFileReference; explicitFileType = wrapper.application; includeInIndex = 0; path = PulmuoneSimpleAuthSample.app; sourceTree = BUILT_PRODUCTS_DIR; };
		C14B1C4928E6AD4C00901CC0 /* AppDelegate.swift */ = {isa = PBXFileReference; lastKnownFileType = sourcecode.swift; path = AppDelegate.swift; sourceTree = "<group>"; };
		C14B1C4B28E6AD4C00901CC0 /* SceneDelegate.swift */ = {isa = PBXFileReference; lastKnownFileType = sourcecode.swift; path = SceneDelegate.swift; sourceTree = "<group>"; };
		C14B1C4D28E6AD4C00901CC0 /* ViewController.swift */ = {isa = PBXFileReference; lastKnownFileType = sourcecode.swift; path = ViewController.swift; sourceTree = "<group>"; };
		C14B1C5028E6AD4C00901CC0 /* Base */ = {isa = PBXFileReference; lastKnownFileType = file.storyboard; name = Base; path = Base.lproj/Main.storyboard; sourceTree = "<group>"; };
		C14B1C5228E6AD4F00901CC0 /* Assets.xcassets */ = {isa = PBXFileReference; lastKnownFileType = folder.assetcatalog; path = Assets.xcassets; sourceTree = "<group>"; };
		C14B1C5528E6AD4F00901CC0 /* Base */ = {isa = PBXFileReference; lastKnownFileType = file.storyboard; name = Base; path = Base.lproj/LaunchScreen.storyboard; sourceTree = "<group>"; };
		C14B1C5728E6AD4F00901CC0 /* Info.plist */ = {isa = PBXFileReference; lastKnownFileType = text.plist.xml; path = Info.plist; sourceTree = "<group>"; };
		C14B1C5C28E6AD5000901CC0 /* PulmuoneSimpleAuthSampleTests.xctest */ = {isa = PBXFileReference; explicitFileType = wrapper.cfbundle; includeInIndex = 0; path = PulmuoneSimpleAuthSampleTests.xctest; sourceTree = BUILT_PRODUCTS_DIR; };
		C14B1C6028E6AD5000901CC0 /* PulmuoneSimpleAuthSampleTests.swift */ = {isa = PBXFileReference; lastKnownFileType = sourcecode.swift; path = PulmuoneSimpleAuthSampleTests.swift; sourceTree = "<group>"; };
		C14B1C6628E6AD5000901CC0 /* PulmuoneSimpleAuthSampleUITests.xctest */ = {isa = PBXFileReference; explicitFileType = wrapper.cfbundle; includeInIndex = 0; path = PulmuoneSimpleAuthSampleUITests.xctest; sourceTree = BUILT_PRODUCTS_DIR; };
		C14B1C6A28E6AD5000901CC0 /* PulmuoneSimpleAuthSampleUITests.swift */ = {isa = PBXFileReference; lastKnownFileType = sourcecode.swift; path = PulmuoneSimpleAuthSampleUITests.swift; sourceTree = "<group>"; };
		C14B1C6C28E6AD5000901CC0 /* PulmuoneSimpleAuthSampleUITestsLaunchTests.swift */ = {isa = PBXFileReference; lastKnownFileType = sourcecode.swift; path = PulmuoneSimpleAuthSampleUITestsLaunchTests.swift; sourceTree = "<group>"; };
/* End PBXFileReference section */

/* Begin PBXFrameworksBuildPhase section */
		C14B1C4328E6AD4C00901CC0 /* Frameworks */ = {
			isa = PBXFrameworksBuildPhase;
			buildActionMask = 2147483647;
			files = (
			);
			runOnlyForDeploymentPostprocessing = 0;
		};
		C14B1C5928E6AD5000901CC0 /* Frameworks */ = {
			isa = PBXFrameworksBuildPhase;
			buildActionMask = 2147483647;
			files = (
			);
			runOnlyForDeploymentPostprocessing = 0;
		};
		C14B1C6328E6AD5000901CC0 /* Frameworks */ = {
			isa = PBXFrameworksBuildPhase;
			buildActionMask = 2147483647;
			files = (
			);
			runOnlyForDeploymentPostprocessing = 0;
		};
/* End PBXFrameworksBuildPhase section */

/* Begin PBXGroup section */
		C14B1C3D28E6AD4C00901CC0 = {
			isa = PBXGroup;
			children = (
				C14B1C4828E6AD4C00901CC0 /* PulmuoneSimpleAuthSample */,
				C14B1C5F28E6AD5000901CC0 /* PulmuoneSimpleAuthSampleTests */,
				C14B1C6928E6AD5000901CC0 /* PulmuoneSimpleAuthSampleUITests */,
				C14B1C4728E6AD4C00901CC0 /* Products */,
			);
			sourceTree = "<group>";
		};
		C14B1C4728E6AD4C00901CC0 /* Products */ = {
			isa = PBXGroup;
			children = (
				C14B1C4628E6AD4C00901CC0 /* PulmuoneSimpleAuthSample.app */,
				C14B1C5C28E6AD5000901CC0 /* PulmuoneSimpleAuthSampleTests.xctest */,
				C14B1C6628E6AD5000901CC0 /* PulmuoneSimpleAuthSampleUITests.xctest */,
			);
			name = Products;
			sourceTree = "<group>";
		};
		C14B1C4828E6AD4C00901CC0 /* PulmuoneSimpleAuthSample */ = {
			isa = PBXGroup;
			children = (
				C14B1C4928E6AD4C00901CC0 /* AppDelegate.swift */,
				C14B1C4B28E6AD4C00901CC0 /* SceneDelegate.swift */,
				C14B1C4D28E6AD4C00901CC0 /* ViewController.swift */,
				C14B1C4F28E6AD4C00901CC0 /* Main.storyboard */,
				C14B1C5228E6AD4F00901CC0 /* Assets.xcassets */,
				C14B1C5428E6AD4F00901CC0 /* LaunchScreen.storyboard */,
				C14B1C5728E6AD4F00901CC0 /* Info.plist */,
			);
			path = PulmuoneSimpleAuthSample;
			sourceTree = "<group>";
		};
		C14B1C5F28E6AD5000901CC0 /* PulmuoneSimpleAuthSampleTests */ = {
			isa = PBXGroup;
			children = (
				C14B1C6028E6AD5000901CC0 /* PulmuoneSimpleAuthSampleTests.swift */,
			);
			path = PulmuoneSimpleAuthSampleTests;
			sourceTree = "<group>";
		};
		C14B1C6928E6AD5000901CC0 /* PulmuoneSimpleAuthSampleUITests */ = {
			isa = PBXGroup;
			children = (
				C14B1C6A28E6AD5000901CC0 /* PulmuoneSimpleAuthSampleUITests.swift */,
				C14B1C6C28E6AD5000901CC0 /* PulmuoneSimpleAuthSampleUITestsLaunchTests.swift */,
			);
			path = PulmuoneSimpleAuthSampleUITests;
			sourceTree = "<group>";
		};
/* End PBXGroup section */

/* Begin PBXNativeTarget section */
		C14B1C4528E6AD4C00901CC0 /* PulmuoneSimpleAuthSample */ = {
			isa = PBXNativeTarget;
			buildConfigurationList = C14B1C7028E6AD5000901CC0 /* Build configuration list for PBXNativeTarget "PulmuoneSimpleAuthSample" */;
			buildPhases = (
				C14B1C4228E6AD4C00901CC0 /* Sources */,
				C14B1C4328E6AD4C00901CC0 /* Frameworks */,
				C14B1C4428E6AD4C00901CC0 /* Resources */,
			);
			buildRules = (
			);
			dependencies = (
			);
			name = PulmuoneSimpleAuthSample;
			productName = PulmuoneSimpleAuthSample;
			productReference = C14B1C4628E6AD4C00901CC0 /* PulmuoneSimpleAuthSample.app */;
			productType = "com.apple.product-type.application";
		};
		C14B1C5B28E6AD5000901CC0 /* PulmuoneSimpleAuthSampleTests */ = {
			isa = PBXNativeTarget;
			buildConfigurationList = C14B1C7328E6AD5000901CC0 /* Build configuration list for PBXNativeTarget "PulmuoneSimpleAuthSampleTests" */;
			buildPhases = (
				C14B1C5828E6AD5000901CC0 /* Sources */,
				C14B1C5928E6AD5000901CC0 /* Frameworks */,
				C14B1C5A28E6AD5000901CC0 /* Resources */,
			);
			buildRules = (
			);
			dependencies = (
				C14B1C5E28E6AD5000901CC0 /* PBXTargetDependency */,
			);
			name = PulmuoneSimpleAuthSampleTests;
			productName = PulmuoneSimpleAuthSampleTests;
			productReference = C14B1C5C28E6AD5000901CC0 /* PulmuoneSimpleAuthSampleTests.xctest */;
			productType = "com.apple.product-type.bundle.unit-test";
		};
		C14B1C6528E6AD5000901CC0 /* PulmuoneSimpleAuthSampleUITests */ = {
			isa = PBXNativeTarget;
			buildConfigurationList = C14B1C7628E6AD5000901CC0 /* Build configuration list for PBXNativeTarget "PulmuoneSimpleAuthSampleUITests" */;
			buildPhases = (
				C14B1C6228E6AD5000901CC0 /* Sources */,
				C14B1C6328E6AD5000901CC0 /* Frameworks */,
				C14B1C6428E6AD5000901CC0 /* Resources */,
			);
			buildRules = (
			);
			dependencies = (
				C14B1C6828E6AD5000901CC0 /* PBXTargetDependency */,
			);
			name = PulmuoneSimpleAuthSampleUITests;
			productName = PulmuoneSimpleAuthSampleUITests;
			productReference = C14B1C6628E6AD5000901CC0 /* PulmuoneSimpleAuthSampleUITests.xctest */;
			productType = "com.apple.product-type.bundle.ui-testing";
		};
/* End PBXNativeTarget section */

/* Begin PBXProject section */
		C14B1C3E28E6AD4C00901CC0 /* Project object */ = {
			isa = PBXProject;
			attributes = {
				BuildIndependentTargetsInParallel = 1;
				LastSwiftUpdateCheck = 1400;
				LastUpgradeCheck = 1400;
				TargetAttributes = {
					C14B1C4528E6AD4C00901CC0 = {
						CreatedOnToolsVersion = 14.0;
					};
					C14B1C5B28E6AD5000901CC0 = {
						CreatedOnToolsVersion = 14.0;
						TestTargetID = C14B1C4528E6AD4C00901CC0;
					};
					C14B1C6528E6AD5000901CC0 = {
						CreatedOnToolsVersion = 14.0;
						TestTargetID = C14B1C4528E6AD4C00901CC0;
					};
				};
			};
			buildConfigurationList = C14B1C4128E6AD4C00901CC0 /* Build configuration list for PBXProject "PulmuoneSimpleAuthSample" */;
			compatibilityVersion = "Xcode 14.0";
			developmentRegion = en;
			hasScannedForEncodings = 0;
			knownRegions = (
				en,
				Base,
			);
			mainGroup = C14B1C3D28E6AD4C00901CC0;
			productRefGroup = C14B1C4728E6AD4C00901CC0 /* Products */;
			projectDirPath = "";
			projectRoot = "";
			targets = (
				C14B1C4528E6AD4C00901CC0 /* PulmuoneSimpleAuthSample */,
				C14B1C5B28E6AD5000901CC0 /* PulmuoneSimpleAuthSampleTests */,
				C14B1C6528E6AD5000901CC0 /* PulmuoneSimpleAuthSampleUITests */,
			);
		};
/* End PBXProject section */

/* Begin PBXResourcesBuildPhase section */
		C14B1C4428E6AD4C00901CC0 /* Resources */ = {
			isa = PBXResourcesBuildPhase;
			buildActionMask = 2147483647;
			files = (
				C14B1C5628E6AD4F00901CC0 /* LaunchScreen.storyboard in Resources */,
				C14B1C5328E6AD4F00901CC0 /* Assets.xcassets in Resources */,
				C14B1C5128E6AD4C00901CC0 /* Main.storyboard in Resources */,
			);
			runOnlyForDeploymentPostprocessing = 0;
		};
		C14B1C5A28E6AD5000901CC0 /* Resources */ = {
			isa = PBXResourcesBuildPhase;
			buildActionMask = 2147483647;
			files = (
			);
			runOnlyForDeploymentPostprocessing = 0;
		};
		C14B1C6428E6AD5000901CC0 /* Resources */ = {
			isa = PBXResourcesBuildPhase;
			buildActionMask = 2147483647;
			files = (
			);
			runOnlyForDeploymentPostprocessing = 0;
		};
/* End PBXResourcesBuildPhase section */

/* Begin PBXSourcesBuildPhase section */
		C14B1C4228E6AD4C00901CC0 /* Sources */ = {
			isa = PBXSourcesBuildPhase;
			buildActionMask = 2147483647;
			files = (
				C14B1C4E28E6AD4C00901CC0 /* ViewController.swift in Sources */,
				C14B1C4A28E6AD4C00901CC0 /* AppDelegate.swift in Sources */,
				C14B1C4C28E6AD4C00901CC0 /* SceneDelegate.swift in Sources */,
			);
			runOnlyForDeploymentPostprocessing = 0;
		};
		C14B1C5828E6AD5000901CC0 /* Sources */ = {
			isa = PBXSourcesBuildPhase;
			buildActionMask = 2147483647;
			files = (
				C14B1C6128E6AD5000901CC0 /* PulmuoneSimpleAuthSampleTests.swift in Sources */,
			);
			runOnlyForDeploymentPostprocessing = 0;
		};
		C14B1C6228E6AD5000901CC0 /* Sources */ = {
			isa = PBXSourcesBuildPhase;
			buildActionMask = 2147483647;
			files = (
				C14B1C6B28E6AD5000901CC0 /* PulmuoneSimpleAuthSampleUITests.swift in Sources */,
				C14B1C6D28E6AD5000901CC0 /* PulmuoneSimpleAuthSampleUITestsLaunchTests.swift in Sources */,
			);
			runOnlyForDeploymentPostprocessing = 0;
		};
/* End PBXSourcesBuildPhase section */

/* Begin PBXTargetDependency section */
		C14B1C5E28E6AD5000901CC0 /* PBXTargetDependency */ = {
			isa = PBXTargetDependency;
			target = C14B1C4528E6AD4C00901CC0 /* PulmuoneSimpleAuthSample */;
			targetProxy = C14B1C5D28E6AD5000901CC0 /* PBXContainerItemProxy */;
		};
		C14B1C6828E6AD5000901CC0 /* PBXTargetDependency */ = {
			isa = PBXTargetDependency;
			target = C14B1C4528E6AD4C00901CC0 /* PulmuoneSimpleAuthSample */;
			targetProxy = C14B1C6728E6AD5000901CC0 /* PBXContainerItemProxy */;
		};
/* End PBXTargetDependency section */

/* Begin PBXVariantGroup section */
		C14B1C4F28E6AD4C00901CC0 /* Main.storyboard */ = {
			isa = PBXVariantGroup;
			children = (
				C14B1C5028E6AD4C00901CC0 /* Base */,
			);
			name = Main.storyboard;
			sourceTree = "<group>";
		};
		C14B1C5428E6AD4F00901CC0 /* LaunchScreen.storyboard */ = {
			isa = PBXVariantGroup;
			children = (
				C14B1C5528E6AD4F00901CC0 /* Base */,
			);
			name = LaunchScreen.storyboard;
			sourceTree = "<group>";
		};
/* End PBXVariantGroup section */

/* Begin XCBuildConfiguration section */
		C14B1C6E28E6AD5000901CC0 /* Debug */ = {
			isa = XCBuildConfiguration;
			buildSettings = {
				ALWAYS_SEARCH_USER_PATHS = NO;
				CLANG_ANALYZER_NONNULL = YES;
				CLANG_ANALYZER_NUMBER_OBJECT_CONVERSION = YES_AGGRESSIVE;
				CLANG_CXX_LANGUAGE_STANDARD = "gnu++20";
				CLANG_ENABLE_MODULES = YES;
				CLANG_ENABLE_OBJC_ARC = YES;
				CLANG_ENABLE_OBJC_WEAK = YES;
				CLANG_WARN_BLOCK_CAPTURE_AUTORELEASING = YES;
				CLANG_WARN_BOOL_CONVERSION = YES;
				CLANG_WARN_COMMA = YES;
				CLANG_WARN_CONSTANT_CONVERSION = YES;
				CLANG_WARN_DEPRECATED_OBJC_IMPLEMENTATIONS = YES;
				CLANG_WARN_DIRECT_OBJC_ISA_USAGE = YES_ERROR;
				CLANG_WARN_DOCUMENTATION_COMMENTS = YES;
				CLANG_WARN_EMPTY_BODY = YES;
				CLANG_WARN_ENUM_CONVERSION = YES;
				CLANG_WARN_INFINITE_RECURSION = YES;
				CLANG_WARN_INT_CONVERSION = YES;
				CLANG_WARN_NON_LITERAL_NULL_CONVERSION = YES;
				CLANG_WARN_OBJC_IMPLICIT_RETAIN_SELF = YES;
				CLANG_WARN_OBJC_LITERAL_CONVERSION = YES;
				CLANG_WARN_OBJC_ROOT_CLASS = YES_ERROR;
				CLANG_WARN_QUOTED_INCLUDE_IN_FRAMEWORK_HEADER = YES;
				CLANG_WARN_RANGE_LOOP_ANALYSIS = YES;
				CLANG_WARN_STRICT_PROTOTYPES = YES;
				CLANG_WARN_SUSPICIOUS_MOVE = YES;
				CLANG_WARN_UNGUARDED_AVAILABILITY = YES_AGGRESSIVE;
				CLANG_WARN_UNREACHABLE_CODE = YES;
				CLANG_WARN__DUPLICATE_METHOD_MATCH = YES;
				COPY_PHASE_STRIP = NO;
				DEBUG_INFORMATION_FORMAT = dwarf;
				ENABLE_STRICT_OBJC_MSGSEND = YES;
				ENABLE_TESTABILITY = YES;
				GCC_C_LANGUAGE_STANDARD = gnu11;
				GCC_DYNAMIC_NO_PIC = NO;
				GCC_NO_COMMON_BLOCKS = YES;
				GCC_OPTIMIZATION_LEVEL = 0;
				GCC_PREPROCESSOR_DEFINITIONS = (
					"DEBUG=1",
					"$(inherited)",
				);
				GCC_WARN_64_TO_32_BIT_CONVERSION = YES;
				GCC_WARN_ABOUT_RETURN_TYPE = YES_ERROR;
				GCC_WARN_UNDECLARED_SELECTOR = YES;
				GCC_WARN_UNINITIALIZED_AUTOS = YES_AGGRESSIVE;
				GCC_WARN_UNUSED_FUNCTION = YES;
				GCC_WARN_UNUSED_VARIABLE = YES;
				IPHONEOS_DEPLOYMENT_TARGET = 16.0;
				MTL_ENABLE_DEBUG_INFO = INCLUDE_SOURCE;
				MTL_FAST_MATH = YES;
				ONLY_ACTIVE_ARCH = YES;
				SDKROOT = iphoneos;
				SWIFT_ACTIVE_COMPILATION_CONDITIONS = DEBUG;
				SWIFT_OPTIMIZATION_LEVEL = "-Onone";
			};
			name = Debug;
		};
		C14B1C6F28E6AD5000901CC0 /* Release */ = {
			isa = XCBuildConfiguration;
			buildSettings = {
				ALWAYS_SEARCH_USER_PATHS = NO;
				CLANG_ANALYZER_NONNULL = YES;
				CLANG_ANALYZER_NUMBER_OBJECT_CONVERSION = YES_AGGRESSIVE;
				CLANG_CXX_LANGUAGE_STANDARD = "gnu++20";
				CLANG_ENABLE_MODULES = YES;
				CLANG_ENABLE_OBJC_ARC = YES;
				CLANG_ENABLE_OBJC_WEAK = YES;
				CLANG_WARN_BLOCK_CAPTURE_AUTORELEASING = YES;
				CLANG_WARN_BOOL_CONVERSION = YES;
				CLANG_WARN_COMMA = YES;
				CLANG_WARN_CONSTANT_CONVERSION = YES;
				CLANG_WARN_DEPRECATED_OBJC_IMPLEMENTATIONS = YES;
				CLANG_WARN_DIRECT_OBJC_ISA_USAGE = YES_ERROR;
				CLANG_WARN_DOCUMENTATION_COMMENTS = YES;
				CLANG_WARN_EMPTY_BODY = YES;
				CLANG_WARN_ENUM_CONVERSION = YES;
				CLANG_WARN_INFINITE_RECURSION = YES;
				CLANG_WARN_INT_CONVERSION = YES;
				CLANG_WARN_NON_LITERAL_NULL_CONVERSION = YES;
				CLANG_WARN_OBJC_IMPLICIT_RETAIN_SELF = YES;
				CLANG_WARN_OBJC_LITERAL_CONVERSION = YES;
				CLANG_WARN_OBJC_ROOT_CLASS = YES_ERROR;
				CLANG_WARN_QUOTED_INCLUDE_IN_FRAMEWORK_HEADER = YES;
				CLANG_WARN_RANGE_LOOP_ANALYSIS = YES;
				CLANG_WARN_STRICT_PROTOTYPES = YES;
				CLANG_WARN_SUSPICIOUS_MOVE = YES;
				CLANG_WARN_UNGUARDED_AVAILABILITY = YES_AGGRESSIVE;
				CLANG_WARN_UNREACHABLE_CODE = YES;
				CLANG_WARN__DUPLICATE_METHOD_MATCH = YES;
				COPY_PHASE_STRIP = NO;
				DEBUG_INFORMATION_FORMAT = "dwarf-with-dsym";
				ENABLE_NS_ASSERTIONS = NO;
				ENABLE_STRICT_OBJC_MSGSEND = YES;
				GCC_C_LANGUAGE_STANDARD = gnu11;
				GCC_NO_COMMON_BLOCKS = YES;
				GCC_WARN_64_TO_32_BIT_CONVERSION = YES;
				GCC_WARN_ABOUT_RETURN_TYPE = YES_ERROR;
				GCC_WARN_UNDECLARED_SELECTOR = YES;
				GCC_WARN_UNINITIALIZED_AUTOS = YES_AGGRESSIVE;
				GCC_WARN_UNUSED_FUNCTION = YES;
				GCC_WARN_UNUSED_VARIABLE = YES;
				IPHONEOS_DEPLOYMENT_TARGET = 16.0;
				MTL_ENABLE_DEBUG_INFO = NO;
				MTL_FAST_MATH = YES;
				SDKROOT = iphoneos;
				SWIFT_COMPILATION_MODE = wholemodule;
				SWIFT_OPTIMIZATION_LEVEL = "-O";
				VALIDATE_PRODUCT = YES;
			};
			name = Release;
		};
		C14B1C7128E6AD5000901CC0 /* Debug */ = {
			isa = XCBuildConfiguration;
			buildSettings = {
				ASSETCATALOG_COMPILER_APPICON_NAME = AppIcon;
				ASSETCATALOG_COMPILER_GLOBAL_ACCENT_COLOR_NAME = AccentColor;
				CODE_SIGN_STYLE = Automatic;
				CURRENT_PROJECT_VERSION = 1;
				DEVELOPMENT_TEAM = 2ALEPG96F5;
				GENERATE_INFOPLIST_FILE = YES;
				INFOPLIST_FILE = PulmuoneSimpleAuthSample/Info.plist;
				INFOPLIST_KEY_UIApplicationSupportsIndirectInputEvents = YES;
				INFOPLIST_KEY_UILaunchStoryboardName = LaunchScreen;
				INFOPLIST_KEY_UIMainStoryboardFile = Main;
				INFOPLIST_KEY_UISupportedInterfaceOrientations_iPad = "UIInterfaceOrientationPortrait UIInterfaceOrientationPortraitUpsideDown UIInterfaceOrientationLandscapeLeft UIInterfaceOrientationLandscapeRight";
				INFOPLIST_KEY_UISupportedInterfaceOrientations_iPhone = "UIInterfaceOrientationPortrait UIInterfaceOrientationLandscapeLeft UIInterfaceOrientationLandscapeRight";
				LD_RUNPATH_SEARCH_PATHS = (
					"$(inherited)",
					"@executable_path/Frameworks",
				);
				MARKETING_VERSION = 1.0;
				PRODUCT_BUNDLE_IDENTIFIER = "com.pulmuone.simple-auth.PulmuoneSimpleAuthSample";
				PRODUCT_NAME = "$(TARGET_NAME)";
				SWIFT_EMIT_LOC_STRINGS = YES;
				SWIFT_VERSION = 5.0;
				TARGETED_DEVICE_FAMILY = "1,2";
			};
			name = Debug;
		};
		C14B1C7228E6AD5000901CC0 /* Release */ = {
			isa = XCBuildConfiguration;
			buildSettings = {
				ASSETCATALOG_COMPILER_APPICON_NAME = AppIcon;
				ASSETCATALOG_COMPILER_GLOBAL_ACCENT_COLOR_NAME = AccentColor;
				CODE_SIGN_STYLE = Automatic;
				CURRENT_PROJECT_VERSION = 1;
				DEVELOPMENT_TEAM = 2ALEPG96F5;
				GENERATE_INFOPLIST_FILE = YES;
				INFOPLIST_FILE = PulmuoneSimpleAuthSample/Info.plist;
				INFOPLIST_KEY_UIApplicationSupportsIndirectInputEvents = YES;
				INFOPLIST_KEY_UILaunchStoryboardName = LaunchScreen;
				INFOPLIST_KEY_UIMainStoryboardFile = Main;
				INFOPLIST_KEY_UISupportedInterfaceOrientations_iPad = "UIInterfaceOrientationPortrait UIInterfaceOrientationPortraitUpsideDown UIInterfaceOrientationLandscapeLeft UIInterfaceOrientationLandscapeRight";
				INFOPLIST_KEY_UISupportedInterfaceOrientations_iPhone = "UIInterfaceOrientationPortrait UIInterfaceOrientationLandscapeLeft UIInterfaceOrientationLandscapeRight";
				LD_RUNPATH_SEARCH_PATHS = (
					"$(inherited)",
					"@executable_path/Frameworks",
				);
				MARKETING_VERSION = 1.0;
				PRODUCT_BUNDLE_IDENTIFIER = "com.pulmuone.simple-auth.PulmuoneSimpleAuthSample";
				PRODUCT_NAME = "$(TARGET_NAME)";
				SWIFT_EMIT_LOC_STRINGS = YES;
				SWIFT_VERSION = 5.0;
				TARGETED_DEVICE_FAMILY = "1,2";
			};
			name = Release;
		};
		C14B1C7428E6AD5000901CC0 /* Debug */ = {
			isa = XCBuildConfiguration;
			buildSettings = {
				ALWAYS_EMBED_SWIFT_STANDARD_LIBRARIES = YES;
				BUNDLE_LOADER = "$(TEST_HOST)";
				CODE_SIGN_STYLE = Automatic;
				CURRENT_PROJECT_VERSION = 1;
				DEVELOPMENT_TEAM = 2ALEPG96F5;
				GENERATE_INFOPLIST_FILE = YES;
				IPHONEOS_DEPLOYMENT_TARGET = 16.0;
				MARKETING_VERSION = 1.0;
				PRODUCT_BUNDLE_IDENTIFIER = "com.pulmuone.simple-auth.PulmuoneSimpleAuthSampleTests";
				PRODUCT_NAME = "$(TARGET_NAME)";
				SWIFT_EMIT_LOC_STRINGS = NO;
				SWIFT_VERSION = 5.0;
				TARGETED_DEVICE_FAMILY = "1,2";
				TEST_HOST = "$(BUILT_PRODUCTS_DIR)/PulmuoneSimpleAuthSample.app/$(BUNDLE_EXECUTABLE_FOLDER_PATH)/PulmuoneSimpleAuthSample";
			};
			name = Debug;
		};
		C14B1C7528E6AD5000901CC0 /* Release */ = {
			isa = XCBuildConfiguration;
			buildSettings = {
				ALWAYS_EMBED_SWIFT_STANDARD_LIBRARIES = YES;
				BUNDLE_LOADER = "$(TEST_HOST)";
				CODE_SIGN_STYLE = Automatic;
				CURRENT_PROJECT_VERSION = 1;
				DEVELOPMENT_TEAM = 2ALEPG96F5;
				GENERATE_INFOPLIST_FILE = YES;
				IPHONEOS_DEPLOYMENT_TARGET = 16.0;
				MARKETING_VERSION = 1.0;
				PRODUCT_BUNDLE_IDENTIFIER = "com.pulmuone.simple-auth.PulmuoneSimpleAuthSampleTests";
				PRODUCT_NAME = "$(TARGET_NAME)";
				SWIFT_EMIT_LOC_STRINGS = NO;
				SWIFT_VERSION = 5.0;
				TARGETED_DEVICE_FAMILY = "1,2";
				TEST_HOST = "$(BUILT_PRODUCTS_DIR)/PulmuoneSimpleAuthSample.app/$(BUNDLE_EXECUTABLE_FOLDER_PATH)/PulmuoneSimpleAuthSample";
			};
			name = Release;
		};
		C14B1C7728E6AD5000901CC0 /* Debug */ = {
			isa = XCBuildConfiguration;
			buildSettings = {
				ALWAYS_EMBED_SWIFT_STANDARD_LIBRARIES = YES;
				CODE_SIGN_STYLE = Automatic;
				CURRENT_PROJECT_VERSION = 1;
				DEVELOPMENT_TEAM = 2ALEPG96F5;
				GENERATE_INFOPLIST_FILE = YES;
				MARKETING_VERSION = 1.0;
				PRODUCT_BUNDLE_IDENTIFIER = "com.pulmuone.simple-auth.PulmuoneSimpleAuthSampleUITests";
				PRODUCT_NAME = "$(TARGET_NAME)";
				SWIFT_EMIT_LOC_STRINGS = NO;
				SWIFT_VERSION = 5.0;
				TARGETED_DEVICE_FAMILY = "1,2";
				TEST_TARGET_NAME = PulmuoneSimpleAuthSample;
			};
			name = Debug;
		};
		C14B1C7828E6AD5000901CC0 /* Release */ = {
			isa = XCBuildConfiguration;
			buildSettings = {
				ALWAYS_EMBED_SWIFT_STANDARD_LIBRARIES = YES;
				CODE_SIGN_STYLE = Automatic;
				CURRENT_PROJECT_VERSION = 1;
				DEVELOPMENT_TEAM = 2ALEPG96F5;
				GENERATE_INFOPLIST_FILE = YES;
				MARKETING_VERSION = 1.0;
				PRODUCT_BUNDLE_IDENTIFIER = "com.pulmuone.simple-auth.PulmuoneSimpleAuthSampleUITests";
				PRODUCT_NAME = "$(TARGET_NAME)";
				SWIFT_EMIT_LOC_STRINGS = NO;
				SWIFT_VERSION = 5.0;
				TARGETED_DEVICE_FAMILY = "1,2";
				TEST_TARGET_NAME = PulmuoneSimpleAuthSample;
			};
			name = Release;
		};
/* End XCBuildConfiguration section */

/* Begin XCConfigurationList section */
		C14B1C4128E6AD4C00901CC0 /* Build configuration list for PBXProject "PulmuoneSimpleAuthSample" */ = {
			isa = XCConfigurationList;
			buildConfigurations = (
				C14B1C6E28E6AD5000901CC0 /* Debug */,
				C14B1C6F28E6AD5000901CC0 /* Release */,
			);
			defaultConfigurationIsVisible = 0;
			defaultConfigurationName = Release;
		};
		C14B1C7028E6AD5000901CC0 /* Build configuration list for PBXNativeTarget "PulmuoneSimpleAuthSample" */ = {
			isa = XCConfigurationList;
			buildConfigurations = (
				C14B1C7128E6AD5000901CC0 /* Debug */,
				C14B1C7228E6AD5000901CC0 /* Release */,
			);
			defaultConfigurationIsVisible = 0;
			defaultConfigurationName = Release;
		};
		C14B1C7328E6AD5000901CC0 /* Build configuration list for PBXNativeTarget "PulmuoneSimpleAuthSampleTests" */ = {
			isa = XCConfigurationList;
			buildConfigurations = (
				C14B1C7428E6AD5000901CC0 /* Debug */,
				C14B1C7528E6AD5000901CC0 /* Release */,
			);
			defaultConfigurationIsVisible = 0;
			defaultConfigurationName = Release;
		};
		C14B1C7628E6AD5000901CC0 /* Build configuration list for PBXNativeTarget "PulmuoneSimpleAuthSampleUITests" */ = {
			isa = XCConfigurationList;
			buildConfigurations = (
				C14B1C7728E6AD5000901CC0 /* Debug */,
				C14B1C7828E6AD5000901CC0 /* Release */,
			);
			defaultConfigurationIsVisible = 0;
			defaultConfigurationName = Release;
		};
/* End XCConfigurationList section */
	};
	rootObject = C14B1C3E28E6AD4C00901CC0 /* Project object */;
}
